
Microsoft Visual Studio Solution File, Format Version 12.00
# Visual Studio 15
VisualStudioVersion = 15.0.28307.572
MinimumVisualStudioVersion = 10.0.40219.1
Project("{FAE04EC0-301F-11D3-BF4B-00C04F79EFBC}") = "Vidly", "Vidly\Vidly.csproj", "{8C15A9CD-5EE3-472C-B14C-1D5C5A3EE4FC}"
EndProject
Global
	GlobalSection(SolutionConfigurationPlatforms) = preSolution
		Debug|Any CPU = Debug|Any CPU
		Release|Any CPU = Release|Any CPU
	EndGlobalSection
	GlobalSection(ProjectConfigurationPlatforms) = postSolution
		{8C15A9CD-5EE3-472C-B14C-1D5C5A3EE4FC}.Debug|Any CPU.ActiveCfg = Debug|Any CPU
		{8C15A9CD-5EE3-472C-B14C-1D5C5A3EE4FC}.Debug|Any CPU.Build.0 = Debug|Any CPU
		{8C15A9CD-5EE3-472C-B14C-1D5C5A3EE4FC}.Release|Any CPU.ActiveCfg = Release|Any CPU
		{8C15A9CD-5EE3-472C-B14C-1D5C5A3EE4FC}.Release|Any CPU.Build.0 = Release|Any CPU
	EndGlobalSection
	GlobalSection(SolutionProperties) = preSolution
		HideSolutionNode = FALSE
	EndGlobalSection
	GlobalSection(ExtensibilityGlobals) = postSolution
		SolutionGuid = {3FCD7E52-F590-461B-9C6B-DC1ED5B4EF24}
	EndGlobalSection
EndGlobal
